
Microsoft Visual Studio Solution File, Format Version 12.00
# Visual Studio 2013
VisualStudioVersion = 12.0.21005.1
MinimumVisualStudioVersion = 10.0.40219.1
Project("{FAE04EC0-301F-11D3-BF4B-00C04F79EFBC}") = "WCFCRUDoperation", "WCFCRUDoperation\WCFCRUDoperation.csproj", "{1A814A71-4756-425E-AC20-822364E0F8F5}"
EndProject
Project("{FAE04EC0-301F-11D3-BF4B-00C04F79EFBC}") = "WCFCRUDoperation_Client", "WCFCRUDoperation_Client\WCFCRUDoperation_Client.csproj", "{ECBA1D0E-8FF0-4CDC-A85E-08EE2137560A}"
EndProject
Global
	GlobalSection(SolutionConfigurationPlatforms) = preSolution
		Debug|Any CPU = Debug|Any CPU
		Release|Any CPU = Release|Any CPU
	EndGlobalSection
	GlobalSection(ProjectConfigurationPlatforms) = postSolution
		{1A814A71-4756-425E-AC20-822364E0F8F5}.Debug|Any CPU.ActiveCfg = Debug|Any CPU
		{1A814A71-4756-425E-AC20-822364E0F8F5}.Debug|Any CPU.Build.0 = Debug|Any CPU
		{1A814A71-4756-425E-AC20-822364E0F8F5}.Release|Any CPU.ActiveCfg = Release|Any CPU
		{1A814A71-4756-425E-AC20-822364E0F8F5}.Release|Any CPU.Build.0 = Release|Any CPU
		{ECBA1D0E-8FF0-4CDC-A85E-08EE2137560A}.Debug|Any CPU.ActiveCfg = Debug|Any CPU
		{ECBA1D0E-8FF0-4CDC-A85E-08EE2137560A}.Debug|Any CPU.Build.0 = Debug|Any CPU
		{ECBA1D0E-8FF0-4CDC-A85E-08EE2137560A}.Release|Any CPU.ActiveCfg = Release|Any CPU
		{ECBA1D0E-8FF0-4CDC-A85E-08EE2137560A}.Release|Any CPU.Build.0 = Release|Any CPU
	EndGlobalSection
	GlobalSection(SolutionProperties) = preSolution
		HideSolutionNode = FALSE
	EndGlobalSection
EndGlobal
